
Microsoft Visual Studio Solution File, Format Version 12.00
# Visual Studio Version 16
VisualStudioVersion = 16.0.30711.63
MinimumVisualStudioVersion = 10.0.40219.1
Project("{9A19103F-16F7-4668-BE54-9A1E7A4F7556}") = "ReadLeadSucced_API", "ReadLeadSucced_API\ReadLeadSucced_API.csproj", "{DC0603E5-D42B-4978-9DEF-C4872739268B}"
EndProject
Project("{FAE04EC0-301F-11D3-BF4B-00C04F79EFBC}") = "ReadLeadSucced_Data", "ReadLeadSucced_Data\ReadLeadSucced_Data.csproj", "{3CDE20C0-91DD-4396-ABBA-A4F48EE52132}"
EndProject
Project("{FAE04EC0-301F-11D3-BF4B-00C04F79EFBC}") = "ReadLeadSucced_ConnexionBDD", "ReadLeadSucced_ConnexionBDD\ReadLeadSucced_ConnexionBDD.csproj", "{CE235198-F38B-4AE3-AAA0-3A9129F7BDF7}"
EndProject
Global
	GlobalSection(SolutionConfigurationPlatforms) = preSolution
		Debug|Any CPU = Debug|Any CPU
		Release|Any CPU = Release|Any CPU
	EndGlobalSection
	GlobalSection(ProjectConfigurationPlatforms) = postSolution
		{DC0603E5-D42B-4978-9DEF-C4872739268B}.Debug|Any CPU.ActiveCfg = Debug|Any CPU
		{DC0603E5-D42B-4978-9DEF-C4872739268B}.Debug|Any CPU.Build.0 = Debug|Any CPU
		{DC0603E5-D42B-4978-9DEF-C4872739268B}.Release|Any CPU.ActiveCfg = Release|Any CPU
		{DC0603E5-D42B-4978-9DEF-C4872739268B}.Release|Any CPU.Build.0 = Release|Any CPU
		{3CDE20C0-91DD-4396-ABBA-A4F48EE52132}.Debug|Any CPU.ActiveCfg = Debug|Any CPU
		{3CDE20C0-91DD-4396-ABBA-A4F48EE52132}.Debug|Any CPU.Build.0 = Debug|Any CPU
		{3CDE20C0-91DD-4396-ABBA-A4F48EE52132}.Release|Any CPU.ActiveCfg = Release|Any CPU
		{3CDE20C0-91DD-4396-ABBA-A4F48EE52132}.Release|Any CPU.Build.0 = Release|Any CPU
		{CE235198-F38B-4AE3-AAA0-3A9129F7BDF7}.Debug|Any CPU.ActiveCfg = Debug|Any CPU
		{CE235198-F38B-4AE3-AAA0-3A9129F7BDF7}.Debug|Any CPU.Build.0 = Debug|Any CPU
		{CE235198-F38B-4AE3-AAA0-3A9129F7BDF7}.Release|Any CPU.ActiveCfg = Release|Any CPU
		{CE235198-F38B-4AE3-AAA0-3A9129F7BDF7}.Release|Any CPU.Build.0 = Release|Any CPU
	EndGlobalSection
	GlobalSection(SolutionProperties) = preSolution
		HideSolutionNode = FALSE
	EndGlobalSection
	GlobalSection(ExtensibilityGlobals) = postSolution
		SolutionGuid = {5288D975-2179-43D4-A2DE-690138DB0B1D}
	EndGlobalSection
EndGlobal
